
Microsoft Visual Studio Solution File, Format Version 12.00
# Visual Studio 15
VisualStudioVersion = 15.0.27130.2026
MinimumVisualStudioVersion = 10.0.40219.1
Project("{FAE04EC0-301F-11D3-BF4B-00C04F79EFBC}") = "ProductManager.Tests", "ProductManager.Tests\ProductManager.Tests.csproj", "{9DE19519-0E68-4F2C-8080-A9743A789C43}"
EndProject
Project("{FAE04EC0-301F-11D3-BF4B-00C04F79EFBC}") = "ProductManager.Model", "ProductManager.Model\ProductManager.Model.csproj", "{575E8B5E-5BD4-4A76-855C-3E0AD9FCA9FC}"
EndProject
Project("{FAE04EC0-301F-11D3-BF4B-00C04F79EFBC}") = "ProductManager.Service", "ProductManager.Service\ProductManager.Service.csproj", "{FB266282-16D2-408F-80A2-5566A0F2F856}"
EndProject
Project("{FAE04EC0-301F-11D3-BF4B-00C04F79EFBC}") = "ProductManager.WebApi", "ProductManager.WebApi\ProductManager.WebApi.csproj", "{54230168-1ADF-445D-A8C2-6742FF3AB9B9}"
EndProject
Project("{FAE04EC0-301F-11D3-BF4B-00C04F79EFBC}") = "ProductManager.WebApp", "ProductManager.WebApp\ProductManager.WebApp.csproj", "{B831E734-EF9A-477D-A856-FA363BAAC5B2}"
EndProject
Project("{FAE04EC0-301F-11D3-BF4B-00C04F79EFBC}") = "ProductManager.Data", "ProductManager.Data\ProductManager.Data.csproj", "{7AD7EBF7-7B69-4EAD-9347-691F199CB3AC}"
EndProject
Global
	GlobalSection(SolutionConfigurationPlatforms) = preSolution
		Debug|Any CPU = Debug|Any CPU
		Release|Any CPU = Release|Any CPU
	EndGlobalSection
	GlobalSection(ProjectConfigurationPlatforms) = postSolution
		{9DE19519-0E68-4F2C-8080-A9743A789C43}.Debug|Any CPU.ActiveCfg = Debug|Any CPU
		{9DE19519-0E68-4F2C-8080-A9743A789C43}.Debug|Any CPU.Build.0 = Debug|Any CPU
		{9DE19519-0E68-4F2C-8080-A9743A789C43}.Release|Any CPU.ActiveCfg = Release|Any CPU
		{9DE19519-0E68-4F2C-8080-A9743A789C43}.Release|Any CPU.Build.0 = Release|Any CPU
		{575E8B5E-5BD4-4A76-855C-3E0AD9FCA9FC}.Debug|Any CPU.ActiveCfg = Debug|Any CPU
		{575E8B5E-5BD4-4A76-855C-3E0AD9FCA9FC}.Debug|Any CPU.Build.0 = Debug|Any CPU
		{575E8B5E-5BD4-4A76-855C-3E0AD9FCA9FC}.Release|Any CPU.ActiveCfg = Release|Any CPU
		{575E8B5E-5BD4-4A76-855C-3E0AD9FCA9FC}.Release|Any CPU.Build.0 = Release|Any CPU
		{FB266282-16D2-408F-80A2-5566A0F2F856}.Debug|Any CPU.ActiveCfg = Debug|Any CPU
		{FB266282-16D2-408F-80A2-5566A0F2F856}.Debug|Any CPU.Build.0 = Debug|Any CPU
		{FB266282-16D2-408F-80A2-5566A0F2F856}.Release|Any CPU.ActiveCfg = Release|Any CPU
		{FB266282-16D2-408F-80A2-5566A0F2F856}.Release|Any CPU.Build.0 = Release|Any CPU
		{54230168-1ADF-445D-A8C2-6742FF3AB9B9}.Debug|Any CPU.ActiveCfg = Debug|Any CPU
		{54230168-1ADF-445D-A8C2-6742FF3AB9B9}.Debug|Any CPU.Build.0 = Debug|Any CPU
		{54230168-1ADF-445D-A8C2-6742FF3AB9B9}.Release|Any CPU.ActiveCfg = Release|Any CPU
		{54230168-1ADF-445D-A8C2-6742FF3AB9B9}.Release|Any CPU.Build.0 = Release|Any CPU
		{B831E734-EF9A-477D-A856-FA363BAAC5B2}.Debug|Any CPU.ActiveCfg = Debug|Any CPU
		{B831E734-EF9A-477D-A856-FA363BAAC5B2}.Debug|Any CPU.Build.0 = Debug|Any CPU
		{B831E734-EF9A-477D-A856-FA363BAAC5B2}.Release|Any CPU.ActiveCfg = Release|Any CPU
		{B831E734-EF9A-477D-A856-FA363BAAC5B2}.Release|Any CPU.Build.0 = Release|Any CPU
		{7AD7EBF7-7B69-4EAD-9347-691F199CB3AC}.Debug|Any CPU.ActiveCfg = Debug|Any CPU
		{7AD7EBF7-7B69-4EAD-9347-691F199CB3AC}.Debug|Any CPU.Build.0 = Debug|Any CPU
		{7AD7EBF7-7B69-4EAD-9347-691F199CB3AC}.Release|Any CPU.ActiveCfg = Release|Any CPU
		{7AD7EBF7-7B69-4EAD-9347-691F199CB3AC}.Release|Any CPU.Build.0 = Release|Any CPU
	EndGlobalSection
	GlobalSection(SolutionProperties) = preSolution
		HideSolutionNode = FALSE
	EndGlobalSection
	GlobalSection(ExtensibilityGlobals) = postSolution
		SolutionGuid = {7B46AF95-DA9E-4D1F-B7F6-2C5D4F4A9F2A}
	EndGlobalSection
EndGlobal
